
Microsoft Visual Studio Solution File, Format Version 12.00
# Visual Studio Version 16
VisualStudioVersion = 16.0.31515.178
MinimumVisualStudioVersion = 10.0.40219.1
Project("{9A19103F-16F7-4668-BE54-9A1E7A4F7556}") = "myMVC", "myMVC\myMVC.csproj", "{55DF8774-C901-425A-8870-D8AA565C452E}"
EndProject
Project("{9A19103F-16F7-4668-BE54-9A1E7A4F7556}") = "myWebAPI", "myWebAPI\myWebAPI.csproj", "{546CA6E6-8739-4548-8BF4-6A18FFA731F3}"
EndProject
Project("{9A19103F-16F7-4668-BE54-9A1E7A4F7556}") = "myMVC.Test", "myMVC.Test\myMVC.Test.csproj", "{C79DAA3E-B573-41C1-BC8D-9993643CEB82}"
EndProject
Project("{9A19103F-16F7-4668-BE54-9A1E7A4F7556}") = "projectApp.Test", "projectApp.Test\projectApp.Test.csproj", "{E431BA2E-6CB3-4C8C-91FE-0C0BCA868E37}"
EndProject
Project("{9A19103F-16F7-4668-BE54-9A1E7A4F7556}") = "myWebAPI.Test", "myWebAPI.Test\myWebAPI.Test.csproj", "{7D94700C-255F-492A-A77F-4ADB3C756D8F}"
EndProject
Project("{9A19103F-16F7-4668-BE54-9A1E7A4F7556}") = "projectApp", "projectApp\projectApp.csproj", "{86A36CB9-5026-4742-B780-E3AD008B6815}"
EndProject
Global
	GlobalSection(SolutionConfigurationPlatforms) = preSolution
		Debug|Any CPU = Debug|Any CPU
		Release|Any CPU = Release|Any CPU
	EndGlobalSection
	GlobalSection(ProjectConfigurationPlatforms) = postSolution
		{55DF8774-C901-425A-8870-D8AA565C452E}.Debug|Any CPU.ActiveCfg = Debug|Any CPU
		{55DF8774-C901-425A-8870-D8AA565C452E}.Debug|Any CPU.Build.0 = Debug|Any CPU
		{55DF8774-C901-425A-8870-D8AA565C452E}.Release|Any CPU.ActiveCfg = Release|Any CPU
		{55DF8774-C901-425A-8870-D8AA565C452E}.Release|Any CPU.Build.0 = Release|Any CPU
		{546CA6E6-8739-4548-8BF4-6A18FFA731F3}.Debug|Any CPU.ActiveCfg = Debug|Any CPU
		{546CA6E6-8739-4548-8BF4-6A18FFA731F3}.Debug|Any CPU.Build.0 = Debug|Any CPU
		{546CA6E6-8739-4548-8BF4-6A18FFA731F3}.Release|Any CPU.ActiveCfg = Release|Any CPU
		{546CA6E6-8739-4548-8BF4-6A18FFA731F3}.Release|Any CPU.Build.0 = Release|Any CPU
		{C79DAA3E-B573-41C1-BC8D-9993643CEB82}.Debug|Any CPU.ActiveCfg = Debug|Any CPU
		{C79DAA3E-B573-41C1-BC8D-9993643CEB82}.Debug|Any CPU.Build.0 = Debug|Any CPU
		{C79DAA3E-B573-41C1-BC8D-9993643CEB82}.Release|Any CPU.ActiveCfg = Release|Any CPU
		{C79DAA3E-B573-41C1-BC8D-9993643CEB82}.Release|Any CPU.Build.0 = Release|Any CPU
		{E431BA2E-6CB3-4C8C-91FE-0C0BCA868E37}.Debug|Any CPU.ActiveCfg = Debug|Any CPU
		{E431BA2E-6CB3-4C8C-91FE-0C0BCA868E37}.Debug|Any CPU.Build.0 = Debug|Any CPU
		{E431BA2E-6CB3-4C8C-91FE-0C0BCA868E37}.Release|Any CPU.ActiveCfg = Release|Any CPU
		{E431BA2E-6CB3-4C8C-91FE-0C0BCA868E37}.Release|Any CPU.Build.0 = Release|Any CPU
		{7D94700C-255F-492A-A77F-4ADB3C756D8F}.Debug|Any CPU.ActiveCfg = Debug|Any CPU
		{7D94700C-255F-492A-A77F-4ADB3C756D8F}.Debug|Any CPU.Build.0 = Debug|Any CPU
		{7D94700C-255F-492A-A77F-4ADB3C756D8F}.Release|Any CPU.ActiveCfg = Release|Any CPU
		{7D94700C-255F-492A-A77F-4ADB3C756D8F}.Release|Any CPU.Build.0 = Release|Any CPU
		{86A36CB9-5026-4742-B780-E3AD008B6815}.Debug|Any CPU.ActiveCfg = Debug|Any CPU
		{86A36CB9-5026-4742-B780-E3AD008B6815}.Debug|Any CPU.Build.0 = Debug|Any CPU
		{86A36CB9-5026-4742-B780-E3AD008B6815}.Release|Any CPU.ActiveCfg = Release|Any CPU
		{86A36CB9-5026-4742-B780-E3AD008B6815}.Release|Any CPU.Build.0 = Release|Any CPU
	EndGlobalSection
	GlobalSection(SolutionProperties) = preSolution
		HideSolutionNode = FALSE
	EndGlobalSection
	GlobalSection(ExtensibilityGlobals) = postSolution
		SolutionGuid = {93AD6CAC-85D5-45B6-8E49-75D0FF991640}
	EndGlobalSection
EndGlobal
